
Microsoft Visual Studio Solution File, Format Version 12.00
# Visual Studio Version 17
VisualStudioVersion = 17.14.36616.10 d17.14
MinimumVisualStudioVersion = 10.0.40219.1
Project("{FAE04EC0-301F-11D3-BF4B-00C04F79EFBC}") = "WpfApp2", "WpfApp2.csproj", "{D8AD8C55-1892-4FC3-95D4-57733FF06A4A}"
EndProject
Global
	GlobalSection(SolutionConfigurationPlatforms) = preSolution
		Debug|Any CPU = Debug|Any CPU
		Release|Any CPU = Release|Any CPU
	EndGlobalSection
	GlobalSection(ProjectConfigurationPlatforms) = postSolution
		{D8AD8C55-1892-4FC3-95D4-57733FF06A4A}.Debug|Any CPU.ActiveCfg = Debug|Any CPU
		{D8AD8C55-1892-4FC3-95D4-57733FF06A4A}.Debug|Any CPU.Build.0 = Debug|Any CPU
		{D8AD8C55-1892-4FC3-95D4-57733FF06A4A}.Release|Any CPU.ActiveCfg = Release|Any CPU
		{D8AD8C55-1892-4FC3-95D4-57733FF06A4A}.Release|Any CPU.Build.0 = Release|Any CPU
	EndGlobalSection
	GlobalSection(SolutionProperties) = preSolution
		HideSolutionNode = FALSE
	EndGlobalSection
	GlobalSection(ExtensibilityGlobals) = postSolution
		SolutionGuid = {3B05F5C6-9DB0-4F12-8C20-75663EAAB3BD}
	EndGlobalSection
EndGlobal
