
Microsoft Visual Studio Solution File, Format Version 12.00
# Visual Studio Version 17
VisualStudioVersion = 17.14.36616.10 d17.14
MinimumVisualStudioVersion = 10.0.40219.1
Project("{FAE04EC0-301F-11D3-BF4B-00C04F79EFBC}") = "WpfApp8.1", "WpfApp8.1.csproj", "{7CE983ED-2EC6-4F67-94C4-B9CBAF5F4492}"
EndProject
Global
	GlobalSection(SolutionConfigurationPlatforms) = preSolution
		Debug|Any CPU = Debug|Any CPU
		Release|Any CPU = Release|Any CPU
	EndGlobalSection
	GlobalSection(ProjectConfigurationPlatforms) = postSolution
		{7CE983ED-2EC6-4F67-94C4-B9CBAF5F4492}.Debug|Any CPU.ActiveCfg = Debug|Any CPU
		{7CE983ED-2EC6-4F67-94C4-B9CBAF5F4492}.Debug|Any CPU.Build.0 = Debug|Any CPU
		{7CE983ED-2EC6-4F67-94C4-B9CBAF5F4492}.Release|Any CPU.ActiveCfg = Release|Any CPU
		{7CE983ED-2EC6-4F67-94C4-B9CBAF5F4492}.Release|Any CPU.Build.0 = Release|Any CPU
	EndGlobalSection
	GlobalSection(SolutionProperties) = preSolution
		HideSolutionNode = FALSE
	EndGlobalSection
	GlobalSection(ExtensibilityGlobals) = postSolution
		SolutionGuid = {F5DC22B0-BA72-46AF-9C2E-F11EBB1246B3}
	EndGlobalSection
EndGlobal
